
Microsoft Visual Studio Solution File, Format Version 12.00
# Visual Studio Version 16
VisualStudioVersion = 16.0.32510.428
MinimumVisualStudioVersion = 10.0.40219.1
Project("{9A19103F-16F7-4668-BE54-9A1E7A4F7556}") = "ProjectHere", "ProjectHere\ProjectHere.csproj", "{1C4BAD58-BDC2-4E87-BBA9-81D17B3F15FB}"
EndProject
Project("{FAE04EC0-301F-11D3-BF4B-00C04F79EFBC}") = "ClassLibrary1", "ClassLibrary1\ClassLibrary1.csproj", "{D1314E01-FC74-4466-94E2-42755191861E}"
EndProject
Global
	GlobalSection(SolutionConfigurationPlatforms) = preSolution
		Debug|Any CPU = Debug|Any CPU
		Release|Any CPU = Release|Any CPU
	EndGlobalSection
	GlobalSection(ProjectConfigurationPlatforms) = postSolution
		{1C4BAD58-BDC2-4E87-BBA9-81D17B3F15FB}.Debug|Any CPU.ActiveCfg = Debug|Any CPU
		{1C4BAD58-BDC2-4E87-BBA9-81D17B3F15FB}.Debug|Any CPU.Build.0 = Debug|Any CPU
		{1C4BAD58-BDC2-4E87-BBA9-81D17B3F15FB}.Release|Any CPU.ActiveCfg = Release|Any CPU
		{1C4BAD58-BDC2-4E87-BBA9-81D17B3F15FB}.Release|Any CPU.Build.0 = Release|Any CPU
		{D1314E01-FC74-4466-94E2-42755191861E}.Debug|Any CPU.ActiveCfg = Debug|Any CPU
		{D1314E01-FC74-4466-94E2-42755191861E}.Debug|Any CPU.Build.0 = Debug|Any CPU
		{D1314E01-FC74-4466-94E2-42755191861E}.Release|Any CPU.ActiveCfg = Release|Any CPU
		{D1314E01-FC74-4466-94E2-42755191861E}.Release|Any CPU.Build.0 = Release|Any CPU
	EndGlobalSection
	GlobalSection(SolutionProperties) = preSolution
		HideSolutionNode = FALSE
	EndGlobalSection
	GlobalSection(ExtensibilityGlobals) = postSolution
		SolutionGuid = {63481825-3F4D-4B75-AB26-4638B6F623AF}
	EndGlobalSection
EndGlobal
